// !$*UTF8*$!
{
	archiveVersion = 1;
	classes = {
	};
	objectVersion = 56;
	objects = {

/* Begin PBXBuildFile section */
		8FBF53642B20468800FE5493 /* AppDelegate.swift in Sources */ = {isa = PBXBuildFile; fileRef = 8FBF53632B20468800FE5493 /* AppDelegate.swift */; };
		8FBF53662B20468800FE5493 /* SceneDelegate.swift in Sources */ = {isa = PBXBuildFile; fileRef = 8FBF53652B20468800FE5493 /* SceneDelegate.swift */; };
		8FBF53682B20468800FE5493 /* ConversationsViewController.swift in Sources */ = {isa = PBXBuildFile; fileRef = 8FBF53672B20468800FE5493 /* ConversationsViewController.swift */; };
		8FBF536B2B20468800FE5493 /* Main.storyboard in Resources */ = {isa = PBXBuildFile; fileRef = 8FBF53692B20468800FE5493 /* Main.storyboard */; };
		8FBF536D2B20468900FE5493 /* Assets.xcassets in Resources */ = {isa = PBXBuildFile; fileRef = 8FBF536C2B20468900FE5493 /* Assets.xcassets */; };
		8FBF53702B20468900FE5493 /* LaunchScreen.storyboard in Resources */ = {isa = PBXBuildFile; fileRef = 8FBF536E2B20468900FE5493 /* LaunchScreen.storyboard */; };
		8FBF537E2B2047D800FE5493 /* LoginViewController.swift in Sources */ = {isa = PBXBuildFile; fileRef = 8FBF537D2B2047D800FE5493 /* LoginViewController.swift */; };
		8FBF53802B2047E500FE5493 /* RegisterViewController.swift in Sources */ = {isa = PBXBuildFile; fileRef = 8FBF537F2B2047E500FE5493 /* RegisterViewController.swift */; };
		8FBF53822B2047F700FE5493 /* ProfileViewController.swift in Sources */ = {isa = PBXBuildFile; fileRef = 8FBF53812B2047F700FE5493 /* ProfileViewController.swift */; };
		8FBF53842B20481100FE5493 /* PhotoViewerViewController.swift in Sources */ = {isa = PBXBuildFile; fileRef = 8FBF53832B20481100FE5493 /* PhotoViewerViewController.swift */; };
		8FBF53862B20481C00FE5493 /* VideoPlayerViewController.swift in Sources */ = {isa = PBXBuildFile; fileRef = 8FBF53852B20481C00FE5493 /* VideoPlayerViewController.swift */; };
		8FBF53882B20483B00FE5493 /* NewConversationViewController.swift in Sources */ = {isa = PBXBuildFile; fileRef = 8FBF53872B20483B00FE5493 /* NewConversationViewController.swift */; };
		8FBF538B2B20492400FE5493 /* Extensions.swift in Sources */ = {isa = PBXBuildFile; fileRef = 8FBF538A2B20492400FE5493 /* Extensions.swift */; };
		8FBF538D2B2049E300FE5493 /* GoogleService-Info.plist in Resources */ = {isa = PBXBuildFile; fileRef = 8FBF538C2B2049E200FE5493 /* GoogleService-Info.plist */; };
		8FBF53902B204A2600FE5493 /* FirebaseAnalytics in Frameworks */ = {isa = PBXBuildFile; productRef = 8FBF538F2B204A2600FE5493 /* FirebaseAnalytics */; };
		8FBF53922B204A2600FE5493 /* FirebaseAnalyticsOnDeviceConversion in Frameworks */ = {isa = PBXBuildFile; productRef = 8FBF53912B204A2600FE5493 /* FirebaseAnalyticsOnDeviceConversion */; };
		8FBF53942B204A2600FE5493 /* FirebaseAnalyticsSwift in Frameworks */ = {isa = PBXBuildFile; productRef = 8FBF53932B204A2600FE5493 /* FirebaseAnalyticsSwift */; };
		8FBF53962B204A2600FE5493 /* FirebaseAnalyticsWithoutAdIdSupport in Frameworks */ = {isa = PBXBuildFile; productRef = 8FBF53952B204A2600FE5493 /* FirebaseAnalyticsWithoutAdIdSupport */; };
		8FBF53982B204A2600FE5493 /* FirebaseAppCheck in Frameworks */ = {isa = PBXBuildFile; productRef = 8FBF53972B204A2600FE5493 /* FirebaseAppCheck */; };
		8FBF539B2B20573700FE5493 /* FirebaseAuth in Frameworks */ = {isa = PBXBuildFile; productRef = 8FBF539A2B20573700FE5493 /* FirebaseAuth */; };
		8FBF539D2B20FCC400FE5493 /* DatabaseManager.swift in Sources */ = {isa = PBXBuildFile; fileRef = 8FBF539C2B20FCC400FE5493 /* DatabaseManager.swift */; };
		8FBF539F2B20FCF900FE5493 /* FirebaseDatabase in Frameworks */ = {isa = PBXBuildFile; productRef = 8FBF539E2B20FCF900FE5493 /* FirebaseDatabase */; };
		8FBF53A22B213F6500FE5493 /* FacebookAEM in Frameworks */ = {isa = PBXBuildFile; productRef = 8FBF53A12B213F6500FE5493 /* FacebookAEM */; };
		8FBF53A42B213F6500FE5493 /* FacebookBasics in Frameworks */ = {isa = PBXBuildFile; productRef = 8FBF53A32B213F6500FE5493 /* FacebookBasics */; };
		8FBF53A62B213F6500FE5493 /* FacebookCore in Frameworks */ = {isa = PBXBuildFile; productRef = 8FBF53A52B213F6500FE5493 /* FacebookCore */; };
		8FBF53A82B213F6500FE5493 /* FacebookGamingServices in Frameworks */ = {isa = PBXBuildFile; productRef = 8FBF53A72B213F6500FE5493 /* FacebookGamingServices */; };
		8FBF53AA2B213F6500FE5493 /* FacebookLogin in Frameworks */ = {isa = PBXBuildFile; productRef = 8FBF53A92B213F6500FE5493 /* FacebookLogin */; };
		8FBF53AD2B21550C00FE5493 /* FacebookShare in Frameworks */ = {isa = PBXBuildFile; productRef = 8FBF53AC2B21550C00FE5493 /* FacebookShare */; };
		8FBF53B02B21AC1500FE5493 /* GoogleSignIn in Frameworks */ = {isa = PBXBuildFile; productRef = 8FBF53AF2B21AC1500FE5493 /* GoogleSignIn */; };
		8FBF53B22B21AC1500FE5493 /* GoogleSignInSwift in Frameworks */ = {isa = PBXBuildFile; productRef = 8FBF53B12B21AC1500FE5493 /* GoogleSignInSwift */; };
		8FBF53B62B22517400FE5493 /* credentials.plist in Resources */ = {isa = PBXBuildFile; fileRef = 8FBF53B52B22517400FE5493 /* credentials.plist */; };
		8FBF53B92B22976700FE5493 /* MessageKit in Frameworks */ = {isa = PBXBuildFile; productRef = 8FBF53B82B22976700FE5493 /* MessageKit */; };
		8FBF53BF2B229AEB00FE5493 /* Realm in Frameworks */ = {isa = PBXBuildFile; productRef = 8FBF53BE2B229AEB00FE5493 /* Realm */; };
		8FBF53C12B229AEB00FE5493 /* RealmSwift in Frameworks */ = {isa = PBXBuildFile; productRef = 8FBF53C02B229AEB00FE5493 /* RealmSwift */; };
		8FBF53C42B229C2000FE5493 /* SDWebImage in Frameworks */ = {isa = PBXBuildFile; productRef = 8FBF53C32B229C2000FE5493 /* SDWebImage */; };
		8FBF53C62B229C2000FE5493 /* SDWebImageMapKit in Frameworks */ = {isa = PBXBuildFile; productRef = 8FBF53C52B229C2000FE5493 /* SDWebImageMapKit */; };
		8FBF53C92B229C5800FE5493 /* JGProgressHUD in Frameworks */ = {isa = PBXBuildFile; productRef = 8FBF53C82B229C5800FE5493 /* JGProgressHUD */; };
		8FBF53CB2B22A04D00FE5493 /* ChatViewController.swift in Sources */ = {isa = PBXBuildFile; fileRef = 8FBF53CA2B22A04D00FE5493 /* ChatViewController.swift */; };
/* End PBXBuildFile section */

/* Begin PBXFileReference section */
		8FBF53602B20468800FE5493 /* MessengerApp.app */ = {isa = PBXFileReference; explicitFileType = wrapper.application; includeInIndex = 0; path = MessengerApp.app; sourceTree = BUILT_PRODUCTS_DIR; };
		8FBF53632B20468800FE5493 /* AppDelegate.swift */ = {isa = PBXFileReference; lastKnownFileType = sourcecode.swift; path = AppDelegate.swift; sourceTree = "<group>"; };
		8FBF53652B20468800FE5493 /* SceneDelegate.swift */ = {isa = PBXFileReference; lastKnownFileType = sourcecode.swift; path = SceneDelegate.swift; sourceTree = "<group>"; };
		8FBF53672B20468800FE5493 /* ConversationsViewController.swift */ = {isa = PBXFileReference; lastKnownFileType = sourcecode.swift; path = ConversationsViewController.swift; sourceTree = "<group>"; };
		8FBF536A2B20468800FE5493 /* Base */ = {isa = PBXFileReference; lastKnownFileType = file.storyboard; name = Base; path = Base.lproj/Main.storyboard; sourceTree = "<group>"; };
		8FBF536C2B20468900FE5493 /* Assets.xcassets */ = {isa = PBXFileReference; lastKnownFileType = folder.assetcatalog; path = Assets.xcassets; sourceTree = "<group>"; };
		8FBF536F2B20468900FE5493 /* Base */ = {isa = PBXFileReference; lastKnownFileType = file.storyboard; name = Base; path = Base.lproj/LaunchScreen.storyboard; sourceTree = "<group>"; };
		8FBF53712B20468900FE5493 /* Info.plist */ = {isa = PBXFileReference; lastKnownFileType = text.plist.xml; path = Info.plist; sourceTree = "<group>"; };
		8FBF537D2B2047D800FE5493 /* LoginViewController.swift */ = {isa = PBXFileReference; lastKnownFileType = sourcecode.swift; path = LoginViewController.swift; sourceTree = "<group>"; };
		8FBF537F2B2047E500FE5493 /* RegisterViewController.swift */ = {isa = PBXFileReference; lastKnownFileType = sourcecode.swift; path = RegisterViewController.swift; sourceTree = "<group>"; };
		8FBF53812B2047F700FE5493 /* ProfileViewController.swift */ = {isa = PBXFileReference; lastKnownFileType = sourcecode.swift; path = ProfileViewController.swift; sourceTree = "<group>"; };
		8FBF53832B20481100FE5493 /* PhotoViewerViewController.swift */ = {isa = PBXFileReference; lastKnownFileType = sourcecode.swift; path = PhotoViewerViewController.swift; sourceTree = "<group>"; };
		8FBF53852B20481C00FE5493 /* VideoPlayerViewController.swift */ = {isa = PBXFileReference; lastKnownFileType = sourcecode.swift; path = VideoPlayerViewController.swift; sourceTree = "<group>"; };
		8FBF53872B20483B00FE5493 /* NewConversationViewController.swift */ = {isa = PBXFileReference; lastKnownFileType = sourcecode.swift; path = NewConversationViewController.swift; sourceTree = "<group>"; };
		8FBF538A2B20492400FE5493 /* Extensions.swift */ = {isa = PBXFileReference; lastKnownFileType = sourcecode.swift; path = Extensions.swift; sourceTree = "<group>"; };
		8FBF538C2B2049E200FE5493 /* GoogleService-Info.plist */ = {isa = PBXFileReference; fileEncoding = 4; lastKnownFileType = text.plist.xml; path = "GoogleService-Info.plist"; sourceTree = "<group>"; };
		8FBF539C2B20FCC400FE5493 /* DatabaseManager.swift */ = {isa = PBXFileReference; lastKnownFileType = sourcecode.swift; path = DatabaseManager.swift; sourceTree = "<group>"; };
		8FBF53AB2B21519900FE5493 /* MessengerApp.entitlements */ = {isa = PBXFileReference; lastKnownFileType = text.plist.entitlements; path = MessengerApp.entitlements; sourceTree = "<group>"; };
		8FBF53B52B22517400FE5493 /* credentials.plist */ = {isa = PBXFileReference; fileEncoding = 4; lastKnownFileType = text.plist.xml; path = credentials.plist; sourceTree = "<group>"; };
		8FBF53CA2B22A04D00FE5493 /* ChatViewController.swift */ = {isa = PBXFileReference; lastKnownFileType = sourcecode.swift; path = ChatViewController.swift; sourceTree = "<group>"; };
/* End PBXFileReference section */

/* Begin PBXFrameworksBuildPhase section */
		8FBF535D2B20468800FE5493 /* Frameworks */ = {
			isa = PBXFrameworksBuildPhase;
			buildActionMask = 2147483647;
			files = (
				8FBF53C12B229AEB00FE5493 /* RealmSwift in Frameworks */,
				8FBF53B22B21AC1500FE5493 /* GoogleSignInSwift in Frameworks */,
				8FBF53C92B229C5800FE5493 /* JGProgressHUD in Frameworks */,
				8FBF53A82B213F6500FE5493 /* FacebookGamingServices in Frameworks */,
				8FBF53A42B213F6500FE5493 /* FacebookBasics in Frameworks */,
				8FBF53A62B213F6500FE5493 /* FacebookCore in Frameworks */,
				8FBF53AD2B21550C00FE5493 /* FacebookShare in Frameworks */,
				8FBF53A22B213F6500FE5493 /* FacebookAEM in Frameworks */,
				8FBF53BF2B229AEB00FE5493 /* Realm in Frameworks */,
				8FBF53942B204A2600FE5493 /* FirebaseAnalyticsSwift in Frameworks */,
				8FBF53B92B22976700FE5493 /* MessageKit in Frameworks */,
				8FBF539B2B20573700FE5493 /* FirebaseAuth in Frameworks */,
				8FBF53902B204A2600FE5493 /* FirebaseAnalytics in Frameworks */,
				8FBF53922B204A2600FE5493 /* FirebaseAnalyticsOnDeviceConversion in Frameworks */,
				8FBF53AA2B213F6500FE5493 /* FacebookLogin in Frameworks */,
				8FBF53C42B229C2000FE5493 /* SDWebImage in Frameworks */,
				8FBF53982B204A2600FE5493 /* FirebaseAppCheck in Frameworks */,
				8FBF539F2B20FCF900FE5493 /* FirebaseDatabase in Frameworks */,
				8FBF53962B204A2600FE5493 /* FirebaseAnalyticsWithoutAdIdSupport in Frameworks */,
				8FBF53C62B229C2000FE5493 /* SDWebImageMapKit in Frameworks */,
				8FBF53B02B21AC1500FE5493 /* GoogleSignIn in Frameworks */,
			);
			runOnlyForDeploymentPostprocessing = 0;
		};
/* End PBXFrameworksBuildPhase section */

/* Begin PBXGroup section */
		8FBF53572B20468800FE5493 = {
			isa = PBXGroup;
			children = (
				8FBF53622B20468800FE5493 /* MessengerApp */,
				8FBF53612B20468800FE5493 /* Products */,
				8FBF53992B20573700FE5493 /* Frameworks */,
			);
			sourceTree = "<group>";
		};
		8FBF53612B20468800FE5493 /* Products */ = {
			isa = PBXGroup;
			children = (
				8FBF53602B20468800FE5493 /* MessengerApp.app */,
			);
			name = Products;
			sourceTree = "<group>";
		};
		8FBF53622B20468800FE5493 /* MessengerApp */ = {
			isa = PBXGroup;
			children = (
				8FBF53AB2B21519900FE5493 /* MessengerApp.entitlements */,
				8FBF53772B20469700FE5493 /* Resources */,
				8FBF53782B2046A000FE5493 /* Models */,
				8FBF53792B2046A700FE5493 /* Views */,
				8FBF537B2B2046C200FE5493 /* Controllers */,
				8FBF537A2B2046B400FE5493 /* ViewModels */,
				8FBF53712B20468900FE5493 /* Info.plist */,
				8FBF538C2B2049E200FE5493 /* GoogleService-Info.plist */,
				8FBF53B52B22517400FE5493 /* credentials.plist */,
			);
			path = MessengerApp;
			sourceTree = "<group>";
		};
		8FBF53772B20469700FE5493 /* Resources */ = {
			isa = PBXGroup;
			children = (
				8FBF53652B20468800FE5493 /* SceneDelegate.swift */,
				8FBF53632B20468800FE5493 /* AppDelegate.swift */,
				8FBF538A2B20492400FE5493 /* Extensions.swift */,
				8FBF539C2B20FCC400FE5493 /* DatabaseManager.swift */,
			);
			path = Resources;
			sourceTree = "<group>";
		};
		8FBF53782B2046A000FE5493 /* Models */ = {
			isa = PBXGroup;
			children = (
			);
			path = Models;
			sourceTree = "<group>";
		};
		8FBF53792B2046A700FE5493 /* Views */ = {
			isa = PBXGroup;
			children = (
				8FBF536C2B20468900FE5493 /* Assets.xcassets */,
				8FBF537C2B20470200FE5493 /* Storyboards */,
			);
			path = Views;
			sourceTree = "<group>";
		};
		8FBF537A2B2046B400FE5493 /* ViewModels */ = {
			isa = PBXGroup;
			children = (
			);
			path = ViewModels;
			sourceTree = "<group>";
		};
		8FBF537B2B2046C200FE5493 /* Controllers */ = {
			isa = PBXGroup;
			children = (
				8FBF53892B20483E00FE5493 /* Login */,
				8FBF53672B20468800FE5493 /* ConversationsViewController.swift */,
				8FBF53812B2047F700FE5493 /* ProfileViewController.swift */,
				8FBF53832B20481100FE5493 /* PhotoViewerViewController.swift */,
				8FBF53852B20481C00FE5493 /* VideoPlayerViewController.swift */,
				8FBF53872B20483B00FE5493 /* NewConversationViewController.swift */,
				8FBF53CA2B22A04D00FE5493 /* ChatViewController.swift */,
			);
			path = Controllers;
			sourceTree = "<group>";
		};
		8FBF537C2B20470200FE5493 /* Storyboards */ = {
			isa = PBXGroup;
			children = (
				8FBF536E2B20468900FE5493 /* LaunchScreen.storyboard */,
				8FBF53692B20468800FE5493 /* Main.storyboard */,
			);
			path = Storyboards;
			sourceTree = "<group>";
		};
		8FBF53892B20483E00FE5493 /* Login */ = {
			isa = PBXGroup;
			children = (
				8FBF537D2B2047D800FE5493 /* LoginViewController.swift */,
				8FBF537F2B2047E500FE5493 /* RegisterViewController.swift */,
			);
			path = Login;
			sourceTree = "<group>";
		};
		8FBF53992B20573700FE5493 /* Frameworks */ = {
			isa = PBXGroup;
			children = (
			);
			name = Frameworks;
			sourceTree = "<group>";
		};
/* End PBXGroup section */

/* Begin PBXNativeTarget section */
		8FBF535F2B20468800FE5493 /* MessengerApp */ = {
			isa = PBXNativeTarget;
			buildConfigurationList = 8FBF53742B20468900FE5493 /* Build configuration list for PBXNativeTarget "MessengerApp" */;
			buildPhases = (
				8FBF535C2B20468800FE5493 /* Sources */,
				8FBF535D2B20468800FE5493 /* Frameworks */,
				8FBF535E2B20468800FE5493 /* Resources */,
			);
			buildRules = (
			);
			dependencies = (
			);
			name = MessengerApp;
			packageProductDependencies = (
				8FBF538F2B204A2600FE5493 /* FirebaseAnalytics */,
				8FBF53912B204A2600FE5493 /* FirebaseAnalyticsOnDeviceConversion */,
				8FBF53932B204A2600FE5493 /* FirebaseAnalyticsSwift */,
				8FBF53952B204A2600FE5493 /* FirebaseAnalyticsWithoutAdIdSupport */,
				8FBF53972B204A2600FE5493 /* FirebaseAppCheck */,
				8FBF539A2B20573700FE5493 /* FirebaseAuth */,
				8FBF539E2B20FCF900FE5493 /* FirebaseDatabase */,
				8FBF53A12B213F6500FE5493 /* FacebookAEM */,
				8FBF53A32B213F6500FE5493 /* FacebookBasics */,
				8FBF53A52B213F6500FE5493 /* FacebookCore */,
				8FBF53A72B213F6500FE5493 /* FacebookGamingServices */,
				8FBF53A92B213F6500FE5493 /* FacebookLogin */,
				8FBF53AC2B21550C00FE5493 /* FacebookShare */,
				8FBF53AF2B21AC1500FE5493 /* GoogleSignIn */,
				8FBF53B12B21AC1500FE5493 /* GoogleSignInSwift */,
				8FBF53B82B22976700FE5493 /* MessageKit */,
				8FBF53BE2B229AEB00FE5493 /* Realm */,
				8FBF53C02B229AEB00FE5493 /* RealmSwift */,
				8FBF53C32B229C2000FE5493 /* SDWebImage */,
				8FBF53C52B229C2000FE5493 /* SDWebImageMapKit */,
				8FBF53C82B229C5800FE5493 /* JGProgressHUD */,
			);
			productName = MessengerApp;
			productReference = 8FBF53602B20468800FE5493 /* MessengerApp.app */;
			productType = "com.apple.product-type.application";
		};
/* End PBXNativeTarget section */

/* Begin PBXProject section */
		8FBF53582B20468800FE5493 /* Project object */ = {
			isa = PBXProject;
			attributes = {
				BuildIndependentTargetsInParallel = 1;
				LastSwiftUpdateCheck = 1500;
				LastUpgradeCheck = 1500;
				TargetAttributes = {
					8FBF535F2B20468800FE5493 = {
						CreatedOnToolsVersion = 15.0.1;
					};
				};
			};
			buildConfigurationList = 8FBF535B2B20468800FE5493 /* Build configuration list for PBXProject "MessengerApp" */;
			compatibilityVersion = "Xcode 14.0";
			developmentRegion = en;
			hasScannedForEncodings = 0;
			knownRegions = (
				en,
				Base,
			);
			mainGroup = 8FBF53572B20468800FE5493;
			packageReferences = (
				8FBF538E2B204A2600FE5493 /* XCRemoteSwiftPackageReference "firebase-ios-sdk" */,
				8FBF53A02B213F6500FE5493 /* XCRemoteSwiftPackageReference "facebook-ios-sdk" */,
				8FBF53AE2B21AC1500FE5493 /* XCRemoteSwiftPackageReference "GoogleSignIn-iOS" */,
				8FBF53B72B22976700FE5493 /* XCRemoteSwiftPackageReference "MessageKit" */,
				8FBF53BD2B229AEB00FE5493 /* XCRemoteSwiftPackageReference "realm-swift" */,
				8FBF53C22B229C2000FE5493 /* XCRemoteSwiftPackageReference "SDWebImage" */,
				8FBF53C72B229C5800FE5493 /* XCRemoteSwiftPackageReference "JGProgressHUD" */,
			);
			productRefGroup = 8FBF53612B20468800FE5493 /* Products */;
			projectDirPath = "";
			projectRoot = "";
			targets = (
				8FBF535F2B20468800FE5493 /* MessengerApp */,
			);
		};
/* End PBXProject section */

/* Begin PBXResourcesBuildPhase section */
		8FBF535E2B20468800FE5493 /* Resources */ = {
			isa = PBXResourcesBuildPhase;
			buildActionMask = 2147483647;
			files = (
				8FBF53702B20468900FE5493 /* LaunchScreen.storyboard in Resources */,
				8FBF536D2B20468900FE5493 /* Assets.xcassets in Resources */,
				8FBF53B62B22517400FE5493 /* credentials.plist in Resources */,
				8FBF536B2B20468800FE5493 /* Main.storyboard in Resources */,
				8FBF538D2B2049E300FE5493 /* GoogleService-Info.plist in Resources */,
			);
			runOnlyForDeploymentPostprocessing = 0;
		};
/* End PBXResourcesBuildPhase section */

/* Begin PBXSourcesBuildPhase section */
		8FBF535C2B20468800FE5493 /* Sources */ = {
			isa = PBXSourcesBuildPhase;
			buildActionMask = 2147483647;
			files = (
				8FBF53822B2047F700FE5493 /* ProfileViewController.swift in Sources */,
				8FBF539D2B20FCC400FE5493 /* DatabaseManager.swift in Sources */,
				8FBF537E2B2047D800FE5493 /* LoginViewController.swift in Sources */,
				8FBF53802B2047E500FE5493 /* RegisterViewController.swift in Sources */,
				8FBF53842B20481100FE5493 /* PhotoViewerViewController.swift in Sources */,
				8FBF53682B20468800FE5493 /* ConversationsViewController.swift in Sources */,
				8FBF538B2B20492400FE5493 /* Extensions.swift in Sources */,
				8FBF53862B20481C00FE5493 /* VideoPlayerViewController.swift in Sources */,
				8FBF53882B20483B00FE5493 /* NewConversationViewController.swift in Sources */,
				8FBF53642B20468800FE5493 /* AppDelegate.swift in Sources */,
				8FBF53CB2B22A04D00FE5493 /* ChatViewController.swift in Sources */,
				8FBF53662B20468800FE5493 /* SceneDelegate.swift in Sources */,
			);
			runOnlyForDeploymentPostprocessing = 0;
		};
/* End PBXSourcesBuildPhase section */

/* Begin PBXVariantGroup section */
		8FBF53692B20468800FE5493 /* Main.storyboard */ = {
			isa = PBXVariantGroup;
			children = (
				8FBF536A2B20468800FE5493 /* Base */,
			);
			name = Main.storyboard;
			sourceTree = "<group>";
		};
		8FBF536E2B20468900FE5493 /* LaunchScreen.storyboard */ = {
			isa = PBXVariantGroup;
			children = (
				8FBF536F2B20468900FE5493 /* Base */,
			);
			name = LaunchScreen.storyboard;
			sourceTree = "<group>";
		};
/* End PBXVariantGroup section */

/* Begin XCBuildConfiguration section */
		8FBF53722B20468900FE5493 /* Debug */ = {
			isa = XCBuildConfiguration;
			buildSettings = {
				ALWAYS_SEARCH_USER_PATHS = NO;
				ASSETCATALOG_COMPILER_GENERATE_SWIFT_ASSET_SYMBOL_EXTENSIONS = YES;
				CLANG_ANALYZER_NONNULL = YES;
				CLANG_ANALYZER_NUMBER_OBJECT_CONVERSION = YES_AGGRESSIVE;
				CLANG_CXX_LANGUAGE_STANDARD = "gnu++20";
				CLANG_ENABLE_MODULES = YES;
				CLANG_ENABLE_OBJC_ARC = YES;
				CLANG_ENABLE_OBJC_WEAK = YES;
				CLANG_WARN_BLOCK_CAPTURE_AUTORELEASING = YES;
				CLANG_WARN_BOOL_CONVERSION = YES;
				CLANG_WARN_COMMA = YES;
				CLANG_WARN_CONSTANT_CONVERSION = YES;
				CLANG_WARN_DEPRECATED_OBJC_IMPLEMENTATIONS = YES;
				CLANG_WARN_DIRECT_OBJC_ISA_USAGE = YES_ERROR;
				CLANG_WARN_DOCUMENTATION_COMMENTS = YES;
				CLANG_WARN_EMPTY_BODY = YES;
				CLANG_WARN_ENUM_CONVERSION = YES;
				CLANG_WARN_INFINITE_RECURSION = YES;
				CLANG_WARN_INT_CONVERSION = YES;
				CLANG_WARN_NON_LITERAL_NULL_CONVERSION = YES;
				CLANG_WARN_OBJC_IMPLICIT_RETAIN_SELF = YES;
				CLANG_WARN_OBJC_LITERAL_CONVERSION = YES;
				CLANG_WARN_OBJC_ROOT_CLASS = YES_ERROR;
				CLANG_WARN_QUOTED_INCLUDE_IN_FRAMEWORK_HEADER = YES;
				CLANG_WARN_RANGE_LOOP_ANALYSIS = YES;
				CLANG_WARN_STRICT_PROTOTYPES = YES;
				CLANG_WARN_SUSPICIOUS_MOVE = YES;
				CLANG_WARN_UNGUARDED_AVAILABILITY = YES_AGGRESSIVE;
				CLANG_WARN_UNREACHABLE_CODE = YES;
				CLANG_WARN__DUPLICATE_METHOD_MATCH = YES;
				COPY_PHASE_STRIP = NO;
				DEBUG_INFORMATION_FORMAT = dwarf;
				ENABLE_STRICT_OBJC_MSGSEND = YES;
				ENABLE_TESTABILITY = YES;
				ENABLE_USER_SCRIPT_SANDBOXING = YES;
				GCC_C_LANGUAGE_STANDARD = gnu17;
				GCC_DYNAMIC_NO_PIC = NO;
				GCC_NO_COMMON_BLOCKS = YES;
				GCC_OPTIMIZATION_LEVEL = 0;
				GCC_PREPROCESSOR_DEFINITIONS = (
					"DEBUG=1",
					"$(inherited)",
				);
				GCC_WARN_64_TO_32_BIT_CONVERSION = YES;
				GCC_WARN_ABOUT_RETURN_TYPE = YES_ERROR;
				GCC_WARN_UNDECLARED_SELECTOR = YES;
				GCC_WARN_UNINITIALIZED_AUTOS = YES_AGGRESSIVE;
				GCC_WARN_UNUSED_FUNCTION = YES;
				GCC_WARN_UNUSED_VARIABLE = YES;
				IPHONEOS_DEPLOYMENT_TARGET = 17.0;
				LOCALIZATION_PREFERS_STRING_CATALOGS = YES;
				MTL_ENABLE_DEBUG_INFO = INCLUDE_SOURCE;
				MTL_FAST_MATH = YES;
				ONLY_ACTIVE_ARCH = YES;
				SDKROOT = iphoneos;
				SWIFT_ACTIVE_COMPILATION_CONDITIONS = "DEBUG $(inherited)";
				SWIFT_OPTIMIZATION_LEVEL = "-Onone";
			};
			name = Debug;
		};
		8FBF53732B20468900FE5493 /* Release */ = {
			isa = XCBuildConfiguration;
			buildSettings = {
				ALWAYS_SEARCH_USER_PATHS = NO;
				ASSETCATALOG_COMPILER_GENERATE_SWIFT_ASSET_SYMBOL_EXTENSIONS = YES;
				CLANG_ANALYZER_NONNULL = YES;
				CLANG_ANALYZER_NUMBER_OBJECT_CONVERSION = YES_AGGRESSIVE;
				CLANG_CXX_LANGUAGE_STANDARD = "gnu++20";
				CLANG_ENABLE_MODULES = YES;
				CLANG_ENABLE_OBJC_ARC = YES;
				CLANG_ENABLE_OBJC_WEAK = YES;
				CLANG_WARN_BLOCK_CAPTURE_AUTORELEASING = YES;
				CLANG_WARN_BOOL_CONVERSION = YES;
				CLANG_WARN_COMMA = YES;
				CLANG_WARN_CONSTANT_CONVERSION = YES;
				CLANG_WARN_DEPRECATED_OBJC_IMPLEMENTATIONS = YES;
				CLANG_WARN_DIRECT_OBJC_ISA_USAGE = YES_ERROR;
				CLANG_WARN_DOCUMENTATION_COMMENTS = YES;
				CLANG_WARN_EMPTY_BODY = YES;
				CLANG_WARN_ENUM_CONVERSION = YES;
				CLANG_WARN_INFINITE_RECURSION = YES;
				CLANG_WARN_INT_CONVERSION = YES;
				CLANG_WARN_NON_LITERAL_NULL_CONVERSION = YES;
				CLANG_WARN_OBJC_IMPLICIT_RETAIN_SELF = YES;
				CLANG_WARN_OBJC_LITERAL_CONVERSION = YES;
				CLANG_WARN_OBJC_ROOT_CLASS = YES_ERROR;
				CLANG_WARN_QUOTED_INCLUDE_IN_FRAMEWORK_HEADER = YES;
				CLANG_WARN_RANGE_LOOP_ANALYSIS = YES;
				CLANG_WARN_STRICT_PROTOTYPES = YES;
				CLANG_WARN_SUSPICIOUS_MOVE = YES;
				CLANG_WARN_UNGUARDED_AVAILABILITY = YES_AGGRESSIVE;
				CLANG_WARN_UNREACHABLE_CODE = YES;
				CLANG_WARN__DUPLICATE_METHOD_MATCH = YES;
				COPY_PHASE_STRIP = NO;
				DEBUG_INFORMATION_FORMAT = "dwarf-with-dsym";
				ENABLE_NS_ASSERTIONS = NO;
				ENABLE_STRICT_OBJC_MSGSEND = YES;
				ENABLE_USER_SCRIPT_SANDBOXING = YES;
				GCC_C_LANGUAGE_STANDARD = gnu17;
				GCC_NO_COMMON_BLOCKS = YES;
				GCC_WARN_64_TO_32_BIT_CONVERSION = YES;
				GCC_WARN_ABOUT_RETURN_TYPE = YES_ERROR;
				GCC_WARN_UNDECLARED_SELECTOR = YES;
				GCC_WARN_UNINITIALIZED_AUTOS = YES_AGGRESSIVE;
				GCC_WARN_UNUSED_FUNCTION = YES;
				GCC_WARN_UNUSED_VARIABLE = YES;
				IPHONEOS_DEPLOYMENT_TARGET = 17.0;
				LOCALIZATION_PREFERS_STRING_CATALOGS = YES;
				MTL_ENABLE_DEBUG_INFO = NO;
				MTL_FAST_MATH = YES;
				SDKROOT = iphoneos;
				SWIFT_COMPILATION_MODE = wholemodule;
				VALIDATE_PRODUCT = YES;
			};
			name = Release;
		};
		8FBF53752B20468900FE5493 /* Debug */ = {
			isa = XCBuildConfiguration;
			buildSettings = {
				ASSETCATALOG_COMPILER_APPICON_NAME = AppIcon;
				ASSETCATALOG_COMPILER_GLOBAL_ACCENT_COLOR_NAME = AccentColor;
				CODE_SIGN_ENTITLEMENTS = MessengerApp/MessengerApp.entitlements;
				CODE_SIGN_STYLE = Automatic;
				CURRENT_PROJECT_VERSION = 1;
				DEVELOPMENT_TEAM = 32Y53TG6R8;
				GENERATE_INFOPLIST_FILE = YES;
				INFOPLIST_FILE = MessengerApp/Info.plist;
				INFOPLIST_KEY_UIApplicationSupportsIndirectInputEvents = YES;
				INFOPLIST_KEY_UILaunchStoryboardName = LaunchScreen;
				INFOPLIST_KEY_UIMainStoryboardFile = Main;
				INFOPLIST_KEY_UISupportedInterfaceOrientations = UIInterfaceOrientationPortrait;
				INFOPLIST_KEY_UISupportedInterfaceOrientations_iPad = "UIInterfaceOrientationPortrait UIInterfaceOrientationPortraitUpsideDown";
				LD_RUNPATH_SEARCH_PATHS = (
					"$(inherited)",
					"@executable_path/Frameworks",
				);
				MARKETING_VERSION = 1.0;
				OTHER_LDFLAGS = "-ObjC";
				PRODUCT_BUNDLE_IDENTIFIER = "Smruthi-Pobbathi.MessengerApp";
				PRODUCT_NAME = "$(TARGET_NAME)";
				SWIFT_EMIT_LOC_STRINGS = YES;
				SWIFT_VERSION = 5.0;
				TARGETED_DEVICE_FAMILY = "1,2";
			};
			name = Debug;
		};
		8FBF53762B20468900FE5493 /* Release */ = {
			isa = XCBuildConfiguration;
			buildSettings = {
				ASSETCATALOG_COMPILER_APPICON_NAME = AppIcon;
				ASSETCATALOG_COMPILER_GLOBAL_ACCENT_COLOR_NAME = AccentColor;
				CODE_SIGN_ENTITLEMENTS = MessengerApp/MessengerApp.entitlements;
				CODE_SIGN_STYLE = Automatic;
				CURRENT_PROJECT_VERSION = 1;
				DEVELOPMENT_TEAM = 32Y53TG6R8;
				GENERATE_INFOPLIST_FILE = YES;
				INFOPLIST_FILE = MessengerApp/Info.plist;
				INFOPLIST_KEY_UIApplicationSupportsIndirectInputEvents = YES;
				INFOPLIST_KEY_UILaunchStoryboardName = LaunchScreen;
				INFOPLIST_KEY_UIMainStoryboardFile = Main;
				INFOPLIST_KEY_UISupportedInterfaceOrientations = UIInterfaceOrientationPortrait;
				INFOPLIST_KEY_UISupportedInterfaceOrientations_iPad = "UIInterfaceOrientationPortrait UIInterfaceOrientationPortraitUpsideDown";
				LD_RUNPATH_SEARCH_PATHS = (
					"$(inherited)",
					"@executable_path/Frameworks",
				);
				MARKETING_VERSION = 1.0;
				OTHER_LDFLAGS = "-ObjC";
				PRODUCT_BUNDLE_IDENTIFIER = "Smruthi-Pobbathi.MessengerApp";
				PRODUCT_NAME = "$(TARGET_NAME)";
				SWIFT_EMIT_LOC_STRINGS = YES;
				SWIFT_VERSION = 5.0;
				TARGETED_DEVICE_FAMILY = "1,2";
			};
			name = Release;
		};
/* End XCBuildConfiguration section */

/* Begin XCConfigurationList section */
		8FBF535B2B20468800FE5493 /* Build configuration list for PBXProject "MessengerApp" */ = {
			isa = XCConfigurationList;
			buildConfigurations = (
				8FBF53722B20468900FE5493 /* Debug */,
				8FBF53732B20468900FE5493 /* Release */,
			);
			defaultConfigurationIsVisible = 0;
			defaultConfigurationName = Release;
		};
		8FBF53742B20468900FE5493 /* Build configuration list for PBXNativeTarget "MessengerApp" */ = {
			isa = XCConfigurationList;
			buildConfigurations = (
				8FBF53752B20468900FE5493 /* Debug */,
				8FBF53762B20468900FE5493 /* Release */,
			);
			defaultConfigurationIsVisible = 0;
			defaultConfigurationName = Release;
		};
/* End XCConfigurationList section */

/* Begin XCRemoteSwiftPackageReference section */
		8FBF538E2B204A2600FE5493 /* XCRemoteSwiftPackageReference "firebase-ios-sdk" */ = {
			isa = XCRemoteSwiftPackageReference;
			repositoryURL = "https://github.com/firebase/firebase-ios-sdk";
			requirement = {
				kind = upToNextMajorVersion;
				minimumVersion = 10.19.0;
			};
		};
		8FBF53A02B213F6500FE5493 /* XCRemoteSwiftPackageReference "facebook-ios-sdk" */ = {
			isa = XCRemoteSwiftPackageReference;
			repositoryURL = "https://github.com/facebook/facebook-ios-sdk";
			requirement = {
				kind = upToNextMajorVersion;
				minimumVersion = 14.1.0;
			};
		};
		8FBF53AE2B21AC1500FE5493 /* XCRemoteSwiftPackageReference "GoogleSignIn-iOS" */ = {
			isa = XCRemoteSwiftPackageReference;
			repositoryURL = "https://github.com/google/GoogleSignIn-iOS";
			requirement = {
				kind = upToNextMajorVersion;
				minimumVersion = 7.0.0;
			};
		};
		8FBF53B72B22976700FE5493 /* XCRemoteSwiftPackageReference "MessageKit" */ = {
			isa = XCRemoteSwiftPackageReference;
			repositoryURL = "https://github.com/MessageKit/MessageKit";
			requirement = {
				kind = upToNextMajorVersion;
				minimumVersion = 4.2.0;
			};
		};
		8FBF53BD2B229AEB00FE5493 /* XCRemoteSwiftPackageReference "realm-swift" */ = {
			isa = XCRemoteSwiftPackageReference;
			repositoryURL = "https://github.com/realm/realm-swift.git";
			requirement = {
				branch = master;
				kind = branch;
			};
		};
		8FBF53C22B229C2000FE5493 /* XCRemoteSwiftPackageReference "SDWebImage" */ = {
			isa = XCRemoteSwiftPackageReference;
			repositoryURL = "https://github.com/SDWebImage/SDWebImage";
			requirement = {
				kind = upToNextMajorVersion;
				minimumVersion = 5.18.6;
			};
		};
		8FBF53C72B229C5800FE5493 /* XCRemoteSwiftPackageReference "JGProgressHUD" */ = {
			isa = XCRemoteSwiftPackageReference;
			repositoryURL = "https://github.com/JonasGessner/JGProgressHUD/";
			requirement = {
				kind = upToNextMajorVersion;
				minimumVersion = 2.2.0;
			};
		};
/* End XCRemoteSwiftPackageReference section */

/* Begin XCSwiftPackageProductDependency section */
		8FBF538F2B204A2600FE5493 /* FirebaseAnalytics */ = {
			isa = XCSwiftPackageProductDependency;
			package = 8FBF538E2B204A2600FE5493 /* XCRemoteSwiftPackageReference "firebase-ios-sdk" */;
			productName = FirebaseAnalytics;
		};
		8FBF53912B204A2600FE5493 /* FirebaseAnalyticsOnDeviceConversion */ = {
			isa = XCSwiftPackageProductDependency;
			package = 8FBF538E2B204A2600FE5493 /* XCRemoteSwiftPackageReference "firebase-ios-sdk" */;
			productName = FirebaseAnalyticsOnDeviceConversion;
		};
		8FBF53932B204A2600FE5493 /* FirebaseAnalyticsSwift */ = {
			isa = XCSwiftPackageProductDependency;
			package = 8FBF538E2B204A2600FE5493 /* XCRemoteSwiftPackageReference "firebase-ios-sdk" */;
			productName = FirebaseAnalyticsSwift;
		};
		8FBF53952B204A2600FE5493 /* FirebaseAnalyticsWithoutAdIdSupport */ = {
			isa = XCSwiftPackageProductDependency;
			package = 8FBF538E2B204A2600FE5493 /* XCRemoteSwiftPackageReference "firebase-ios-sdk" */;
			productName = FirebaseAnalyticsWithoutAdIdSupport;
		};
		8FBF53972B204A2600FE5493 /* FirebaseAppCheck */ = {
			isa = XCSwiftPackageProductDependency;
			package = 8FBF538E2B204A2600FE5493 /* XCRemoteSwiftPackageReference "firebase-ios-sdk" */;
			productName = FirebaseAppCheck;
		};
		8FBF539A2B20573700FE5493 /* FirebaseAuth */ = {
			isa = XCSwiftPackageProductDependency;
			package = 8FBF538E2B204A2600FE5493 /* XCRemoteSwiftPackageReference "firebase-ios-sdk" */;
			productName = FirebaseAuth;
		};
		8FBF539E2B20FCF900FE5493 /* FirebaseDatabase */ = {
			isa = XCSwiftPackageProductDependency;
			package = 8FBF538E2B204A2600FE5493 /* XCRemoteSwiftPackageReference "firebase-ios-sdk" */;
			productName = FirebaseDatabase;
		};
		8FBF53A12B213F6500FE5493 /* FacebookAEM */ = {
			isa = XCSwiftPackageProductDependency;
			package = 8FBF53A02B213F6500FE5493 /* XCRemoteSwiftPackageReference "facebook-ios-sdk" */;
			productName = FacebookAEM;
		};
		8FBF53A32B213F6500FE5493 /* FacebookBasics */ = {
			isa = XCSwiftPackageProductDependency;
			package = 8FBF53A02B213F6500FE5493 /* XCRemoteSwiftPackageReference "facebook-ios-sdk" */;
			productName = FacebookBasics;
		};
		8FBF53A52B213F6500FE5493 /* FacebookCore */ = {
			isa = XCSwiftPackageProductDependency;
			package = 8FBF53A02B213F6500FE5493 /* XCRemoteSwiftPackageReference "facebook-ios-sdk" */;
			productName = FacebookCore;
		};
		8FBF53A72B213F6500FE5493 /* FacebookGamingServices */ = {
			isa = XCSwiftPackageProductDependency;
			package = 8FBF53A02B213F6500FE5493 /* XCRemoteSwiftPackageReference "facebook-ios-sdk" */;
			productName = FacebookGamingServices;
		};
		8FBF53A92B213F6500FE5493 /* FacebookLogin */ = {
			isa = XCSwiftPackageProductDependency;
			package = 8FBF53A02B213F6500FE5493 /* XCRemoteSwiftPackageReference "facebook-ios-sdk" */;
			productName = FacebookLogin;
		};
		8FBF53AC2B21550C00FE5493 /* FacebookShare */ = {
			isa = XCSwiftPackageProductDependency;
			package = 8FBF53A02B213F6500FE5493 /* XCRemoteSwiftPackageReference "facebook-ios-sdk" */;
			productName = FacebookShare;
		};
		8FBF53AF2B21AC1500FE5493 /* GoogleSignIn */ = {
			isa = XCSwiftPackageProductDependency;
			package = 8FBF53AE2B21AC1500FE5493 /* XCRemoteSwiftPackageReference "GoogleSignIn-iOS" */;
			productName = GoogleSignIn;
		};
		8FBF53B12B21AC1500FE5493 /* GoogleSignInSwift */ = {
			isa = XCSwiftPackageProductDependency;
			package = 8FBF53AE2B21AC1500FE5493 /* XCRemoteSwiftPackageReference "GoogleSignIn-iOS" */;
			productName = GoogleSignInSwift;
		};
		8FBF53B82B22976700FE5493 /* MessageKit */ = {
			isa = XCSwiftPackageProductDependency;
			package = 8FBF53B72B22976700FE5493 /* XCRemoteSwiftPackageReference "MessageKit" */;
			productName = MessageKit;
		};
		8FBF53BE2B229AEB00FE5493 /* Realm */ = {
			isa = XCSwiftPackageProductDependency;
			package = 8FBF53BD2B229AEB00FE5493 /* XCRemoteSwiftPackageReference "realm-swift" */;
			productName = Realm;
		};
		8FBF53C02B229AEB00FE5493 /* RealmSwift */ = {
			isa = XCSwiftPackageProductDependency;
			package = 8FBF53BD2B229AEB00FE5493 /* XCRemoteSwiftPackageReference "realm-swift" */;
			productName = RealmSwift;
		};
		8FBF53C32B229C2000FE5493 /* SDWebImage */ = {
			isa = XCSwiftPackageProductDependency;
			package = 8FBF53C22B229C2000FE5493 /* XCRemoteSwiftPackageReference "SDWebImage" */;
			productName = SDWebImage;
		};
		8FBF53C52B229C2000FE5493 /* SDWebImageMapKit */ = {
			isa = XCSwiftPackageProductDependency;
			package = 8FBF53C22B229C2000FE5493 /* XCRemoteSwiftPackageReference "SDWebImage" */;
			productName = SDWebImageMapKit;
		};
		8FBF53C82B229C5800FE5493 /* JGProgressHUD */ = {
			isa = XCSwiftPackageProductDependency;
			package = 8FBF53C72B229C5800FE5493 /* XCRemoteSwiftPackageReference "JGProgressHUD" */;
			productName = JGProgressHUD;
		};
/* End XCSwiftPackageProductDependency section */
	};
	rootObject = 8FBF53582B20468800FE5493 /* Project object */;
}
